
Microsoft Visual Studio Solution File, Format Version 12.00
# Visual Studio Version 17
VisualStudioVersion = 17.10.35013.160
MinimumVisualStudioVersion = 10.0.40219.1
Project("{FAE04EC0-301F-11D3-BF4B-00C04F79EFBC}") = "LibreriaSupportFast", "LibreriaSupportFast\LibreriaSupportFast.csproj", "{D1AAF609-A556-4F36-A6A1-969F018BE110}"
EndProject
Project("{FAE04EC0-301F-11D3-BF4B-00C04F79EFBC}") = "WebApiSupportFast", "WebApiSupportFast\WebApiSupportFast.csproj", "{7EC6676F-6AB9-4201-8C41-B73FEE4357D1}"
EndProject
Global
	GlobalSection(SolutionConfigurationPlatforms) = preSolution
		Debug|Any CPU = Debug|Any CPU
		Release|Any CPU = Release|Any CPU
	EndGlobalSection
	GlobalSection(ProjectConfigurationPlatforms) = postSolution
		{D1AAF609-A556-4F36-A6A1-969F018BE110}.Debug|Any CPU.ActiveCfg = Debug|Any CPU
		{D1AAF609-A556-4F36-A6A1-969F018BE110}.Debug|Any CPU.Build.0 = Debug|Any CPU
		{D1AAF609-A556-4F36-A6A1-969F018BE110}.Release|Any CPU.ActiveCfg = Release|Any CPU
		{D1AAF609-A556-4F36-A6A1-969F018BE110}.Release|Any CPU.Build.0 = Release|Any CPU
		{7EC6676F-6AB9-4201-8C41-B73FEE4357D1}.Debug|Any CPU.ActiveCfg = Debug|Any CPU
		{7EC6676F-6AB9-4201-8C41-B73FEE4357D1}.Debug|Any CPU.Build.0 = Debug|Any CPU
		{7EC6676F-6AB9-4201-8C41-B73FEE4357D1}.Release|Any CPU.ActiveCfg = Release|Any CPU
		{7EC6676F-6AB9-4201-8C41-B73FEE4357D1}.Release|Any CPU.Build.0 = Release|Any CPU
	EndGlobalSection
	GlobalSection(SolutionProperties) = preSolution
		HideSolutionNode = FALSE
	EndGlobalSection
	GlobalSection(ExtensibilityGlobals) = postSolution
		SolutionGuid = {B19CE9AC-5E5E-40D7-AD3A-B381243BA8BC}
	EndGlobalSection
EndGlobal
